
Microsoft Visual Studio Solution File, Format Version 12.00
# Visual Studio Version 16
VisualStudioVersion = 16.0.30114.105
MinimumVisualStudioVersion = 10.0.40219.1
Project("{FAE04EC0-301F-11D3-BF4B-00C04F79EFBC}") = "DurableFunctionDemoConfig", "DurableFunctionDemoConfig\DurableFunctionDemoConfig.csproj", "{C5FEBF05-56F3-49A8-AEA1-5B166670496D}"
EndProject
Global
	GlobalSection(SolutionConfigurationPlatforms) = preSolution
		Debug|Any CPU = Debug|Any CPU
		Release|Any CPU = Release|Any CPU
	EndGlobalSection
	GlobalSection(ProjectConfigurationPlatforms) = postSolution
		{C5FEBF05-56F3-49A8-AEA1-5B166670496D}.Debug|Any CPU.ActiveCfg = Debug|Any CPU
		{C5FEBF05-56F3-49A8-AEA1-5B166670496D}.Debug|Any CPU.Build.0 = Debug|Any CPU
		{C5FEBF05-56F3-49A8-AEA1-5B166670496D}.Release|Any CPU.ActiveCfg = Release|Any CPU
		{C5FEBF05-56F3-49A8-AEA1-5B166670496D}.Release|Any CPU.Build.0 = Release|Any CPU
	EndGlobalSection
	GlobalSection(SolutionProperties) = preSolution
		HideSolutionNode = FALSE
	EndGlobalSection
	GlobalSection(ExtensibilityGlobals) = postSolution
		SolutionGuid = {7212217F-E7CA-4CD3-8A31-AD2927B027F3}
	EndGlobalSection
EndGlobal
